# This file is automatically @generated by Cargo.
# It is not intended for manual editing.
version = 3

[[package]]
name = "libc"
version = "0.2.155"
source = "registry+https://github.com/rust-lang/crates.io-index"
checksum = "97b3888a4aecf77e811145cadf6eef5901f4782c53886191b2f693f24761847c"

[[package]]
name = "once_cell"
version = "1.19.0"
source = "registry+https://github.com/rust-lang/crates.io-index"
checksum = "3fdb12b2476b595f9358c5161aa467c2438859caa136dec86c26fdd2efe17b92"

[[package]]
name = "pyo3-build-config"
version = "0.22.2"
source = "registry+https://github.com/rust-lang/crates.io-index"
checksum = "1e8730e591b14492a8945cdff32f089250b05f5accecf74aeddf9e8272ce1fa8"
dependencies = [
 "once_cell",
 "target-lexicon",
]

[[package]]
name = "pyo3-ffi"
version = "0.22.2"
source = "registry+https://github.com/rust-lang/crates.io-index"
checksum = "5e97e919d2df92eb88ca80a037969f44e5e70356559654962cbb3316d00300c6"
dependencies = [
 "libc",
 "pyo3-build-config",
]

[[package]]
name = "target-lexicon"
version = "0.12.15"
source = "registry+https://github.com/rust-lang/crates.io-index"
checksum = "4873307b7c257eddcb50c9bedf158eb669578359fb28428bef438fec8e6ba7c2"

[[package]]
name = "whenever"
version = "0.1.0"
dependencies = [
 "pyo3-build-config",
 "pyo3-ffi",
]
