c40acffbaea8599ecb9e9b1210a41b17f99510942a6da40cf40ccee0593ebbba  changelog.md
422f1c6b5aab44bfcc7cfa016a22933e8fa7f9f372046043570e4668557a4213  contributing.md
bd7a2c983c11d08eb54276e5119bb1f1093e259d937cd9f383cef04e7c120a88  design.md
92e38128de4b32f72befeb420581ad0b3e3e7461c1ca609b80f9c9684497743a  examples.md
0d096eafee018acfdee54bae1ccf6f0320d95c14631f067e81753f8cf51458b9  faq.md
c5ce02712c6d46daba4ca3a97b498a6b2ced818efa9280eac3e902197bb668a8  fundamentals/ambiguity.md
96bb5a26f029df93c32d40e0219cec391698623f05b98d5fed8206839fdc458b  fundamentals/arithmetic.md
7f3e1d860a914f7fe01bb4339d15340c6287fb99c5ab233b0e41beca6e2b47b3  fundamentals/exact-vs-local.md
30984f6feef2a6e6653c8e43eb09d7d35f5d7a853313be9661cfb0a81d0ebbc7  fundamentals/index.md
677c3de6ba6cc4c85017a8fcc7bc8dda947d2b531d2cc04493ea5ede1eb71112  fundamentals/timezones.md
3803412d9f176eb0c937d53ca48d2aa004a3a545af1fca88df9d9350cdef0742  guide/arithmetic.md
bbe54d240885a906d4daf6d812c6787b9f306fbc1a902a194e45dc6f5e101c1d  guide/choosing-a-type.md
f1a6a00f8c11f8166dab2cafc1870f6ab511ac09ccd8f685f34580ecafd7de99  guide/comparison.md
d9528a71c88ea2b0ce58a187e736fd723ab341842d3d561ec72a04e159ae02a5  guide/conversions.md
1c713a46d7b4ba0abd453155be8cc6abf7555d6a726854265e1e71ad5892235d  guide/deltas.md
f12e22ba0b24dec81cddf8316ce0a8c446922fca7395719ae836727250083dc9  guide/index.md
dc247323a7030fee74dc8d74193fe6c31223a042b619dd530f83264359796848  guide/parsing.md
fbe3b5358622c7e2733d44ed9b130521cc310959edfa4a75224188a1712f6b01  guide/partial-types.md
137346f11ef513cae52caebcb6f10ab640517b0cf317d209c357cdb2ea2e51ab  guide/pickling.md
18e3a9080f91ea6f502d7b915b13cdc6b426b7d8d5b33554ed94b515b8429ee7  guide/resolving-local-times.md
725ad1a61745a16fe3a07a723b9101c08e8642f8a280388c27a5040f0e4d5825  guide/rounding.md
6ec210bfbb20bbf63336e93e5154ba6efc180172e646e53273f0e4ba3ccb7d5d  guide/stdlib-convert.md
aff1df09e4e3951f6ccf4964c9a19fc9d4b5b02b130bb6cb182772e153f42960  guide/system-tz.md
973f50b37e39474f6c14f7b7fd131a19293ed9af1688b5e7aa0ebc8478be0a58  guide/testing.md
e6c2466e78bc66d2bbe21db985178f29a927c48ff1b2700acb81c1985a5d9cd4  guide/timezone-database.md
f005826733315231caf5e5f540448a069bd8bb425f4b496b5ba901ec654f5b3e  guide/warnings.md
4be17f66c4a5eed35b925800025ca1ff07a0cc09738df2c8d634c4e30462762c  index.md
6b260c18993fb721d4ad539f902d8f6d9c6d4ac51054bfe1415b8440ab351028  performance.md
23fa520041d38ca7a238402b90cfbfe9d94d77b3d8aaf4cb635e895654a42388  reference/date.rst
cdb0cb6569474330dcb32bf71937a1889f07cda6276ea922d22fc63460541d33  reference/datetime.md
f5d274020c8030a99819acea5cb0347b3fec6744bbd0b91d030b2f2e7e9bfeda  reference/deltas.md
f46b92beecc950595dd0934dfb935cf5c6ce850e37cb9fe93c474d260460be4b  reference/exceptions.rst
d21a9c1bda4c507242ffec7541ac95b9f4d17cf02c88604390bed18adf244ff2  reference/instant.rst
177f42420ae311dafbdbe6c4515c7ba63a9997f78959e1cfe5e200d920a3faaa  reference/iso8601.md
d261e77fea9359860a2c30308331a25bdaf9584c13389e8681d8c6a9cf2edd36  reference/isoweekdate.rst
9879d2f3c544c6639ddc7cce3facd23e3ef8c24cb5933042aaa6dd169f7b7630  reference/itemized_date_delta.rst
a26b3a53489648abd9ff8981f7445fa6d4a06d3475d6b8bdeb87aac1f1449cea  reference/itemized_delta.rst
43d651923d796fd31e1c18ce485ba27cdb63ef866dfb5f44fbdcabf5bdc06c12  reference/misc.rst
565e501cfea8099ec8d7813f005c4738576198c7ecb7101a59d9c942d861fbf3  reference/monthday.rst
a8c36af3efe88c462037014567bed0214cd5a4a6bd3fd07af02bc701399411fc  reference/offset_datetime.rst
b38e21f3d068e8ece49cae1eac4952b6000e657725b18387165abd0cd98bd60e  reference/other-types.rst
7df92ff892b4190a3d1dc5ae9949b94e465329910f4b4fbf316363bc9a1f4746  reference/partial-types.md
2ba67c4a5e1236861b4764a822d538025455c1c155181991b889a54ce79a7070  reference/pattern-format.md
7a7ba726ca42a1566ee014c9c20ac7186390237f7d54d201b64ce115eead3451  reference/plain_datetime.rst
98f225b87d807f520a2d46bac3da5a6c529e81903eda50832113f270aedcb1a0  reference/time.rst
2b13e0c1e309c9da8056cf2982f1e86643ff05b489a1c4a8302e1f74c859b41f  reference/time_delta.rst
a34496ad3ffb866972bd8e757433108603370097f232b59f0eeb83e4854f760c  reference/yearmonth.rst
2461b3e4b666f96d109b33efa3d7c9d24c4910a5397c1e7ac59e82bd32ddd627  reference/zoned_datetime.rst
85390efd0c6efd53c84b2e9f4681fcf6f38c36a4eedc69b0844b9edbb2874214  stdlib-pitfalls/broken-equality.md
d67258b761469eb8a059ccac12fdc67eafa5e8c22b05a4779444c141e3979044  stdlib-pitfalls/date-inheritance.md
6e7a6e12cf9f202a8a80a704dcbe714553c53e2732bba14d2f35bd4bcff0f75c  stdlib-pitfalls/dst-ignored.md
bf59276ca1080a611456f914c58f8105c89bb02cf00b4e95727432f10b8b5e63  stdlib-pitfalls/index.md
f700c3dc86c2f285eb21c105d17dc19115b33e9d51102d000e7e30b94810d5ec  stdlib-pitfalls/naive-aware.md
5d3debf548bd210c6d9650266a935418dce352ae8f447b21d48744e09966aed2  stdlib-pitfalls/naive-meaning.md
c9f6d3d57b98634175152776d766df249f22812b983e7edbe25f855fa88feb72  stdlib-pitfalls/silent-ambiguity.md
8921ab75ce1c257161404130466250921703b0307a22aa4aa5a89e181c3bf23f  stdlib-pitfalls/system-timezone.md
1502c0efdf95c9b3c71afb587d33595c6c22a99efd8dcbe0627b84d85aa135c4  stdlib-pitfalls/timedelta-seconds.md
98fc6b360e4ae711ff56d1fa429d5e2afbbf6fba9af32a247a93a114020e59c1  stdlib-pitfalls/timezone-classes.md
cca7a06ab357acdc0df39b6b0fafc287d02bdf1fcbc30b2ee8b12c1c9daa75de  stdlib-pitfalls/zoneinfo-casing.md
fe8f09533e92a3d7331dfc3b5561fcff881aac2eb0260c2a415d3f781cf79a0a  why-not-pendulum.md
