c40acffbaea8599ecb9e9b1210a41b17f99510942a6da40cf40ccee0593ebbba  changelog.md
422f1c6b5aab44bfcc7cfa016a22933e8fa7f9f372046043570e4668557a4213  contributing.md
0cae551f55073561a404791bb5eed1242f60276a192defb76c8abf11e31fa6fb  design.md
44935d2f33a30fbe3e40f2a1468ec2e5fcca28a014739301a284d4e2b15bf6a5  examples.md
0e5ca88236e444fb99a33078e93e9aff1c5d088ef5a8b20ad8adb10f9edf4952  faq.md
2974c1afd8f3ec18434c257ebd1a2f244c1f7202372ee7b5f862e6de6f49c438  fundamentals/ambiguity.md
ee49a82b2439cc303869eaff48ff32765082ef931c993670a0e695a77d6f6336  fundamentals/arithmetic.md
eac09fd075e9d1603fdc22821fee60719b6157b2406dd8f0d1daa509a568329f  fundamentals/exact-vs-local.md
4a5ef794f81a17fcc9887e43a28343e32fd178e5ca2f3c89b0820944307728bc  fundamentals/index.md
48bfabb81b4e29756f0940c1e524220754ef4edafcfbedf43f111c7fa33f65fa  fundamentals/timezones.md
58c588462b91413bac3cb9609b401d9d6e684ce55b383efce859cb04f3e4ba41  glossary.md
ef7653aa4fd4835dbec0a94a4c3ad7e73e5869c3b65b747d5459e7dbc21df8c1  guide/arithmetic.md
b154408e728937cc834cf890fa5b72c77edcf4c040e5df5918e19e3f42d5de53  guide/choosing-a-type.md
e5563b52e8387834d01d3c776a40622f173dcba1548772bdc6d4e427c323ce9b  guide/comparison.md
c2dbfdbff8e9d6d5ee326f3b6511dc31b0cf236049528d8bc9e387ea90f42f84  guide/conversions.md
01e1dc6011fa44418b5c47244baaca8b2bf63f1c5a815b5bbd24d04e37090115  guide/deltas.md
f12e22ba0b24dec81cddf8316ce0a8c446922fca7395719ae836727250083dc9  guide/index.md
d82c9d456edf604537770808f8f62974ac79ff5299e9e7598e462873fcb07ae5  guide/parsing.md
fa2c7d3bc43b92a3cac6bfa1792225d159c8f1ed742bff9f4157b6a47089cdad  guide/partial-types.md
7e8485db92e6e62f393379546dbe37cec546790b3d6fdfd8c8fda177ead1b1d9  guide/pickling.md
5ab1dc9940203c728363e17f784d133436ceba4e6099f1ae6c4669610137aa22  guide/resolving-local-times.md
7e7f353ea286ac2ba85ebd129a84434ece73a3ff2240c1a19b020b884f1e2b10  guide/rounding.md
a98a1bb893bcda08804f8401410f80a8538b4be8d598066df4985da7701324e8  guide/stdlib-convert.md
5d91adff83524d35e07ea218ee2340d6287179e8434da3f30ce42970ed6e1b3f  guide/system-tz.md
eda584115ae97f18232ea68f3893c33af646bf842573944281ad602a428149ee  guide/testing.md
6f3c518365be51f25967c2ade34fc4734ce75a840d4fae00ddb65cefbf3b8c47  guide/timezone-database.md
3ab9bb536d3a6f3f4fc2d696016ac1977ccc657a822a8d841bb02d72a7f6d7fd  guide/warnings.md
cf0fb157af702980df030e0dba4b16c4292d88007921407c96c6380357c1af97  index.md
f38b18cc85efb287e8b1d4abfaad998b40c17a2d96c5e2793b37b2668270f3bb  performance.md
23fa520041d38ca7a238402b90cfbfe9d94d77b3d8aaf4cb635e895654a42388  reference/date.rst
e9d293d7e5ddeaf7dd3fff4b6b1351a89674f9ee2c38b1ff0a7577c0c4d560f8  reference/datetime.md
7990108d473d806a1b834114c27746286021c4f1c0cdbe4df3996fe99057fb55  reference/deltas.md
6e7b6b93ee149d5df0fee63ccfa898716955b19239b3a195071636378d923ec5  reference/exceptions.rst
d21a9c1bda4c507242ffec7541ac95b9f4d17cf02c88604390bed18adf244ff2  reference/instant.rst
dfe2e1ee9b39b1a7966835baadfce600350bf3d6878d1d725af5b57d456404e0  reference/iso8601.md
d261e77fea9359860a2c30308331a25bdaf9584c13389e8681d8c6a9cf2edd36  reference/isoweekdate.rst
9879d2f3c544c6639ddc7cce3facd23e3ef8c24cb5933042aaa6dd169f7b7630  reference/itemized_date_delta.rst
a26b3a53489648abd9ff8981f7445fa6d4a06d3475d6b8bdeb87aac1f1449cea  reference/itemized_delta.rst
e4a33549548cc5f8cc64e6eada956e6f3950bbfbd1627748250d7013bd9318b9  reference/misc.rst
565e501cfea8099ec8d7813f005c4738576198c7ecb7101a59d9c942d861fbf3  reference/monthday.rst
a8c36af3efe88c462037014567bed0214cd5a4a6bd3fd07af02bc701399411fc  reference/offset_datetime.rst
77ebfa4f062495acb220935b96379f34df2f3ea62b013db7525fd138ba5d31d7  reference/other-types.rst
88c6647d4bfcb2e7c76f5c50c826c2e88a019813e786c189587b4c271ad518d1  reference/partial-types.md
efcc8b140fdf5fa25048bc56612123bd37f4fafc874cce2b0e9b21f4ea53d108  reference/pattern-format.md
7a7ba726ca42a1566ee014c9c20ac7186390237f7d54d201b64ce115eead3451  reference/plain_datetime.rst
26d33d7d58561da1881299cc491b22b033b9193fc9d68be26816b8bb0b85129a  reference/time.rst
2b13e0c1e309c9da8056cf2982f1e86643ff05b489a1c4a8302e1f74c859b41f  reference/time_delta.rst
a34496ad3ffb866972bd8e757433108603370097f232b59f0eeb83e4854f760c  reference/yearmonth.rst
2461b3e4b666f96d109b33efa3d7c9d24c4910a5397c1e7ac59e82bd32ddd627  reference/zoned_datetime.rst
7cc4a268a88ea6552ef08843f79937dfc34fe6a5fa1b6f35e5665e7c8eea8ed3  stdlib-pitfalls/broken-equality.md
5c76807485a086ee307fc54c95d76ca5e8e5c343e1aa25ef9fc7c9b099309740  stdlib-pitfalls/date-inheritance.md
6e7a6e12cf9f202a8a80a704dcbe714553c53e2732bba14d2f35bd4bcff0f75c  stdlib-pitfalls/dst-ignored.md
3b810b0071c57257fd9a75c93a7dbdbfbbeb8735d12d1380e04538c5e8b090ae  stdlib-pitfalls/index.md
c2d7b2201aa689ca0821ba0b08d83247399dc5c7cb78075f422840c05a5f122a  stdlib-pitfalls/naive-aware.md
fa22cd375abef4a94577af0e7db004d0b3d7b42834494eca3c8b6a873d4ae072  stdlib-pitfalls/naive-meaning.md
8793b6c0dda3aa39a47bb3f5707feb7f1a779848e28f5559053cf814140dddc0  stdlib-pitfalls/silent-ambiguity.md
9d251db79b22b4eec89131d09141ed449e63c7faf25b4e773a30056f1eea6109  stdlib-pitfalls/system-timezone.md
1502c0efdf95c9b3c71afb587d33595c6c22a99efd8dcbe0627b84d85aa135c4  stdlib-pitfalls/timedelta-seconds.md
98fc6b360e4ae711ff56d1fa429d5e2afbbf6fba9af32a247a93a114020e59c1  stdlib-pitfalls/timezone-classes.md
7bbc9b25b2250e8958eb079e8d7ef9f423313cc3aa25b5920e51616a542fcb0d  stdlib-pitfalls/zoneinfo-casing.md
bf3ca08e34ad04f87311defa84a38a12778d2b8c6caff218a65a62fd269e5eaa  why-not-arrow.md
9d1e3f75935f17c30c92ec54e37ca17130ffb6cfb65f6abb100ff2dd91ba4554  why-not-pendulum.md
