c40acffbaea8599ecb9e9b1210a41b17f99510942a6da40cf40ccee0593ebbba  changelog.md
422f1c6b5aab44bfcc7cfa016a22933e8fa7f9f372046043570e4668557a4213  contributing.md
0cae551f55073561a404791bb5eed1242f60276a192defb76c8abf11e31fa6fb  design.md
dc1129d30588471364d6ce8807ada274806db98d3e661a73aaba50946a2bad12  examples.md
ed20caba4cb1c9d44a169a4135329010410c10d612432bad48154739ace83462  faq.md
c5ce02712c6d46daba4ca3a97b498a6b2ced818efa9280eac3e902197bb668a8  fundamentals/ambiguity.md
ee49a82b2439cc303869eaff48ff32765082ef931c993670a0e695a77d6f6336  fundamentals/arithmetic.md
30b9e8e50a4efd75e01e2d0825a3038849565ee4126ae7bffeff0b62e80bad89  fundamentals/exact-vs-local.md
4a5ef794f81a17fcc9887e43a28343e32fd178e5ca2f3c89b0820944307728bc  fundamentals/index.md
ff36ddaf124f2ff406ce0f07bb5b98e61d566e442180ebaa3d9e4dc23d55d986  fundamentals/timezones.md
c2384000f130afe5689c173ce5e69f98e2974f1d08ec03d2633b5e43ada6ecf9  glossary.md
6ef95ff5e31692d5c6847a035a7da153cd1e951e8e4969f1e6a988fadb30686e  guide/arithmetic.md
81c0c766c31fbeb70a79ce55309f79cb1e077cf8c8d198d4977585594d0a9e90  guide/choosing-a-type.md
9d424f1cf6fd22419ef12a85fd6caf87bd76da7c0375e29ba84a67bd0127759b  guide/comparison.md
4770c18f9e3cb3fc53e76a5f5927ba12f12d9cf1430747661783da97b193f946  guide/conversions.md
0ba74db0a3621df739c7c6f0591f6cfe15625a13dd91ddbebcbbc552719e773e  guide/deltas.md
f12e22ba0b24dec81cddf8316ce0a8c446922fca7395719ae836727250083dc9  guide/index.md
32ac3a2da9f6808072396f07bd2366c4bbb35db0336ae4667ccb77f7c40ea5da  guide/parsing.md
fa2c7d3bc43b92a3cac6bfa1792225d159c8f1ed742bff9f4157b6a47089cdad  guide/partial-types.md
c810dbffb0255c2c084b8e2856b33680f3e8cae08c6dc489df3ef1aefad58d6b  guide/pickling.md
0bcec87330e3eb78074439eeffee64434962d65f42a13e3ae8e595496535adc7  guide/resolving-local-times.md
e29c32e30af3b3c5bfb1c15cc495632e07596ff4950b68cbf2fdb983d356059d  guide/rounding.md
4edd4960fafef7945f65c463e78c8d8585d93fa60ff01e3ff9e6314d9309de94  guide/stdlib-convert.md
d9c7eff5ebbed5ec43aaed51ad234c2a41de17b658d4c5d3bab12128cceb5c0f  guide/system-tz.md
e8389517b48d78ecf8ac89c93b889395f119294bd0e38fdf24a31be3a90a1773  guide/testing.md
50c71d536b8883d0b016a86bd7f008c382037f6c68d7fadd0f418fe0db9ffae1  guide/timezone-database.md
5fe136158219cb01117972bfb01ff606065d9ef989692cf5ef510ea3009e79a5  guide/warnings.md
f65c27ad5417752aed39cd35abcb3a7586665fcf2e1df864bbe2f3928f3829d3  index.md
3c4453134d3db0150076925f23bab61c61b67c5fd50ef1465c68e3e9d5dd5a42  performance.md
23fa520041d38ca7a238402b90cfbfe9d94d77b3d8aaf4cb635e895654a42388  reference/date.rst
7e791153b9c251abcf15397eed2371fce177847996d82f4ade20068ea213d604  reference/datetime.md
421122ebfbcbae53e9d0533690c0d18c83c459113d9013f7a2afa7b4a801e1a3  reference/deltas.md
6e7b6b93ee149d5df0fee63ccfa898716955b19239b3a195071636378d923ec5  reference/exceptions.rst
d21a9c1bda4c507242ffec7541ac95b9f4d17cf02c88604390bed18adf244ff2  reference/instant.rst
3b43779eed7a5c5e016055e433d366017aaac6c72d553a2b73bc8a5e9ae69bc8  reference/iso8601.md
d261e77fea9359860a2c30308331a25bdaf9584c13389e8681d8c6a9cf2edd36  reference/isoweekdate.rst
9879d2f3c544c6639ddc7cce3facd23e3ef8c24cb5933042aaa6dd169f7b7630  reference/itemized_date_delta.rst
a26b3a53489648abd9ff8981f7445fa6d4a06d3475d6b8bdeb87aac1f1449cea  reference/itemized_delta.rst
e4a33549548cc5f8cc64e6eada956e6f3950bbfbd1627748250d7013bd9318b9  reference/misc.rst
565e501cfea8099ec8d7813f005c4738576198c7ecb7101a59d9c942d861fbf3  reference/monthday.rst
a8c36af3efe88c462037014567bed0214cd5a4a6bd3fd07af02bc701399411fc  reference/offset_datetime.rst
77ebfa4f062495acb220935b96379f34df2f3ea62b013db7525fd138ba5d31d7  reference/other-types.rst
711d5b867a4986780f686d69d70ca24e69a526f229a8ff6807de0d26daea2f23  reference/partial-types.md
22532c51a3669f767a9c2468d2c686fc36959fd08de96bbc163befef7ca21615  reference/pattern-format.md
7a7ba726ca42a1566ee014c9c20ac7186390237f7d54d201b64ce115eead3451  reference/plain_datetime.rst
26d33d7d58561da1881299cc491b22b033b9193fc9d68be26816b8bb0b85129a  reference/time.rst
2b13e0c1e309c9da8056cf2982f1e86643ff05b489a1c4a8302e1f74c859b41f  reference/time_delta.rst
a34496ad3ffb866972bd8e757433108603370097f232b59f0eeb83e4854f760c  reference/yearmonth.rst
2461b3e4b666f96d109b33efa3d7c9d24c4910a5397c1e7ac59e82bd32ddd627  reference/zoned_datetime.rst
7cc4a268a88ea6552ef08843f79937dfc34fe6a5fa1b6f35e5665e7c8eea8ed3  stdlib-pitfalls/broken-equality.md
d67258b761469eb8a059ccac12fdc67eafa5e8c22b05a4779444c141e3979044  stdlib-pitfalls/date-inheritance.md
6e7a6e12cf9f202a8a80a704dcbe714553c53e2732bba14d2f35bd4bcff0f75c  stdlib-pitfalls/dst-ignored.md
3b810b0071c57257fd9a75c93a7dbdbfbbeb8735d12d1380e04538c5e8b090ae  stdlib-pitfalls/index.md
16fd8b700dc28fc7e6d9e0bc622e04565d361bd77e3c71535c413c3af7eaf53b  stdlib-pitfalls/naive-aware.md
fa22cd375abef4a94577af0e7db004d0b3d7b42834494eca3c8b6a873d4ae072  stdlib-pitfalls/naive-meaning.md
e994d6a07f0683318e499364d6f0ca95591a8b3cb3f5aeaca61259e7805bb52d  stdlib-pitfalls/silent-ambiguity.md
9952d11ce6a773b52347a1cab5315422488a8b2f3c553423d761e1666df7fe0b  stdlib-pitfalls/system-timezone.md
1502c0efdf95c9b3c71afb587d33595c6c22a99efd8dcbe0627b84d85aa135c4  stdlib-pitfalls/timedelta-seconds.md
98fc6b360e4ae711ff56d1fa429d5e2afbbf6fba9af32a247a93a114020e59c1  stdlib-pitfalls/timezone-classes.md
7bbc9b25b2250e8958eb079e8d7ef9f423313cc3aa25b5920e51616a542fcb0d  stdlib-pitfalls/zoneinfo-casing.md
6d3e34757376a51b5ce114a59f54b1a083b09d6783fa65db005872e8e777ab55  why-not-pendulum.md
